
Microsoft Visual Studio Solution File, Format Version 12.00
# Visual Studio 14
VisualStudioVersion = 14.0.25420.1
MinimumVisualStudioVersion = 10.0.40219.1
Project("{FAE04EC0-301F-11D3-BF4B-00C04F79EFBC}") = "EnterNumbers", "EnterNumbers\EnterNumbers.csproj", "{62955C65-F3A6-4AF9-A774-F847C6520CD8}"
EndProject
Project("{FAE04EC0-301F-11D3-BF4B-00C04F79EFBC}") = "01. Square root", "01. Square root\01. Square root.csproj", "{8852258E-B6D1-45ED-B416-8C31BE5AC3B3}"
EndProject
Global
	GlobalSection(SolutionConfigurationPlatforms) = preSolution
		Debug|Any CPU = Debug|Any CPU
		Release|Any CPU = Release|Any CPU
	EndGlobalSection
	GlobalSection(ProjectConfigurationPlatforms) = postSolution
		{62955C65-F3A6-4AF9-A774-F847C6520CD8}.Debug|Any CPU.ActiveCfg = Debug|Any CPU
		{62955C65-F3A6-4AF9-A774-F847C6520CD8}.Debug|Any CPU.Build.0 = Debug|Any CPU
		{62955C65-F3A6-4AF9-A774-F847C6520CD8}.Release|Any CPU.ActiveCfg = Release|Any CPU
		{62955C65-F3A6-4AF9-A774-F847C6520CD8}.Release|Any CPU.Build.0 = Release|Any CPU
		{8852258E-B6D1-45ED-B416-8C31BE5AC3B3}.Debug|Any CPU.ActiveCfg = Debug|Any CPU
		{8852258E-B6D1-45ED-B416-8C31BE5AC3B3}.Debug|Any CPU.Build.0 = Debug|Any CPU
		{8852258E-B6D1-45ED-B416-8C31BE5AC3B3}.Release|Any CPU.ActiveCfg = Release|Any CPU
		{8852258E-B6D1-45ED-B416-8C31BE5AC3B3}.Release|Any CPU.Build.0 = Release|Any CPU
	EndGlobalSection
	GlobalSection(SolutionProperties) = preSolution
		HideSolutionNode = FALSE
	EndGlobalSection
EndGlobal
